<?xml version="1.0" encoding="utf-8"?>
<Project ToolsVersion="4.0" xmlns="http://schemas.microsoft.com/developer/msbuild/2003">
  <ItemGroup>
    <Filter Include="Source Files">
      <UniqueIdentifier>{E9C7FDCE-D52A-8D73-7EB0-C5296AF258F6}</UniqueIdentifier>
    </Filter>
    <Filter Include="Collisions">
      <UniqueIdentifier>{d82eb43a-3756-44a6-be47-4feabe73d1d1}</UniqueIdentifier>
    </Filter>
    <Filter Include="Levels">
      <UniqueIdentifier>{74851116-2e34-490c-8ff4-80a1000c6d95}</UniqueIdentifier>
    </Filter>
  </ItemGroup>
  <ItemGroup>
    <ClCompile Include="Main.cpp">
      <Filter>Source Files</Filter>
    </ClCompile>
    <ClCompile Include="Ch_MainCharacter.cpp" />
    <ClCompile Include="AC_FirstPersonCamera.cpp" />
    <ClCompile Include="Gravity.cpp" />
    <ClCompile Include="CubeActor.cpp" />
    <ClCompile Include="Projectile.cpp" />
    <ClCompile Include="AC_Shoot.cpp" />
    <ClCompile Include="MapCreator.cpp" />
    <ClCompile Include="Ennemy.cpp" />
    <ClCompile Include="Ac_LifeSystem.cpp" />
    <ClCompile Include="P_Collision.cpp">
      <Filter>Collisions</Filter>
    </ClCompile>
    <ClCompile Include="BoxCollision.cpp">
      <Filter>Collisions</Filter>
    </ClCompile>
    <ClCompile Include="CollisionManager.cpp">
      <Filter>Collisions</Filter>
    </ClCompile>
    <ClCompile Include="SphereCollision.cpp">
      <Filter>Collisions</Filter>
    </ClCompile>
    <ClCompile Include="RaycastCollision.cpp">
      <Filter>Collisions</Filter>
    </ClCompile>
    <ClCompile Include="AnticipateCollisions.cpp" />
    <ClCompile Include="LevelManager.cpp">
      <Filter>Levels</Filter>
    </ClCompile>
    <ClCompile Include="Level0.cpp">
      <Filter>Levels</Filter>
    </ClCompile>
    <ClCompile Include="Level.cpp">
      <Filter>Levels</Filter>
    </ClCompile>
    <ClCompile Include="LevelTest.cpp">
      <Filter>Levels</Filter>
    </ClCompile>
    <ClCompile Include="Trigger.cpp" />
  </ItemGroup>
  <ItemGroup>
    <ClInclude Include="Ch_MainCharacter.h" />
    <ClInclude Include="AC_FirstPersonCamera.h" />
    <ClInclude Include="Gravity.h" />
    <ClInclude Include="ComponentParent.h" />
    <ClInclude Include="CubeActor.h" />
    <ClInclude Include="Projectile.h" />
    <ClInclude Include="AC_Shoot.h" />
    <ClInclude Include="MapCreator.h" />
    <ClInclude Include="Ennemy.h" />
    <ClInclude Include="Ac_LifeSystem.h" />
    <ClInclude Include="P_Collision.h">
      <Filter>Collisions</Filter>
    </ClInclude>
    <ClInclude Include="BoxCollision.h">
      <Filter>Collisions</Filter>
    </ClInclude>
    <ClInclude Include="SphereCollision.h">
      <Filter>Collisions</Filter>
    </ClInclude>
    <ClInclude Include="CollisionManager.h">
      <Filter>Collisions</Filter>
    </ClInclude>
    <ClInclude Include="RaycastCollision.h">
      <Filter>Collisions</Filter>
    </ClInclude>
    <ClInclude Include="AnticipateCollisions.h" />
    <ClInclude Include="LevelManager.h">
      <Filter>Levels</Filter>
    </ClInclude>
    <ClInclude Include="Level0.h">
      <Filter>Levels</Filter>
    </ClInclude>
    <ClInclude Include="Level.h">
      <Filter>Levels</Filter>
    </ClInclude>
    <ClInclude Include="LevelTest.h">
      <Filter>Levels</Filter>
    </ClInclude>
    <ClInclude Include="Trigger.h" />
  </ItemGroup>
  <ItemGroup>
    <Text Include="HowToCreateLevel.txt">
      <Filter>Levels</Filter>
    </Text>
  </ItemGroup>
</Project>